
Microsoft Visual Studio Solution File, Format Version 12.00
# Visual Studio Version 17
VisualStudioVersion = 17.8.34330.188
MinimumVisualStudioVersion = 10.0.40219.1
Project("{9A19103F-16F7-4668-BE54-9A1E7A4F7556}") = "UnforgivenMod", "UnforgivenProject\UnforgivenMod.csproj", "{7123AB06-B74C-425C-A5F1-C9B91229A8B2}"
EndProject
Global
	GlobalSection(SolutionConfigurationPlatforms) = preSolution
		Debug|Any CPU = Debug|Any CPU
		Release|Any CPU = Release|Any CPU
	EndGlobalSection
	GlobalSection(ProjectConfigurationPlatforms) = postSolution
		{7123AB06-B74C-425C-A5F1-C9B91229A8B2}.Debug|Any CPU.ActiveCfg = Debug|Any CPU
		{7123AB06-B74C-425C-A5F1-C9B91229A8B2}.Debug|Any CPU.Build.0 = Debug|Any CPU
		{7123AB06-B74C-425C-A5F1-C9B91229A8B2}.Release|Any CPU.ActiveCfg = Release|Any CPU
		{7123AB06-B74C-425C-A5F1-C9B91229A8B2}.Release|Any CPU.Build.0 = Release|Any CPU
	EndGlobalSection
	GlobalSection(SolutionProperties) = preSolution
		HideSolutionNode = FALSE
	EndGlobalSection
	GlobalSection(ExtensibilityGlobals) = postSolution
		SolutionGuid = {D74B487B-884F-452D-AD3D-E717512A02D9}
	EndGlobalSection
EndGlobal
